
Microsoft Visual Studio Solution File, Format Version 12.00
# Visual Studio Version 17
VisualStudioVersion = 17.8.34309.116
MinimumVisualStudioVersion = 10.0.40219.1
Project("{FAE04EC0-301F-11D3-BF4B-00C04F79EFBC}") = "Dez2Umrechner", "Dez2Umrechner\Dez2Umrechner.csproj", "{3952DE78-96E4-4911-8FAE-D6B9161E4753}"
EndProject
Global
	GlobalSection(SolutionConfigurationPlatforms) = preSolution
		Debug|Any CPU = Debug|Any CPU
		Release|Any CPU = Release|Any CPU
	EndGlobalSection
	GlobalSection(ProjectConfigurationPlatforms) = postSolution
		{3952DE78-96E4-4911-8FAE-D6B9161E4753}.Debug|Any CPU.ActiveCfg = Debug|Any CPU
		{3952DE78-96E4-4911-8FAE-D6B9161E4753}.Debug|Any CPU.Build.0 = Debug|Any CPU
		{3952DE78-96E4-4911-8FAE-D6B9161E4753}.Release|Any CPU.ActiveCfg = Release|Any CPU
		{3952DE78-96E4-4911-8FAE-D6B9161E4753}.Release|Any CPU.Build.0 = Release|Any CPU
	EndGlobalSection
	GlobalSection(SolutionProperties) = preSolution
		HideSolutionNode = FALSE
	EndGlobalSection
	GlobalSection(ExtensibilityGlobals) = postSolution
		SolutionGuid = {E2344860-DE8B-4BA1-9278-6A729D51C3C9}
	EndGlobalSection
EndGlobal
